{
    "_readme": [
        "This file locks the dependencies of your project to a known state",
        "Read more about it at https://getcomposer.org/doc/01-basic-usage.md#installing-dependencies",
        "This file is @generated automatically"
    ],
    "content-hash": "fde2bf7713e4ff14a21baf103124c44c",
    "packages": [
        {
            "name": "apirone/apirone-api-php",
            "version": "1.0.1",
            "source": {
                "type": "git",
                "url": "https://github.com/Apirone/apirone-api-php.git",
                "reference": "b7b820eb99338ffff44b260d6602663fa57ae341"
            },
            "dist": {
                "type": "zip",
                "url": "https://api.github.com/repos/Apirone/apirone-api-php/zipball/b7b820eb99338ffff44b260d6602663fa57ae341",
                "reference": "b7b820eb99338ffff44b260d6602663fa57ae341",
                "shasum": ""
            },
            "require": {
                "ext-curl": "*",
                "ext-json": "*",
                "php": ">=7.4"
            },
            "type": "library",
            "autoload": {
                "psr-4": {
                    "Apirone\\API\\": "src/"
                }
            },
            "notification-url": "https://packagist.org/downloads/",
            "license": [
                "MIT"
            ],
            "authors": [
                {
                    "name": "alex",
                    "email": "alex.zaytseff@gmail.com"
                }
            ],
            "description": "Apirone API Client",
            "homepage": "https://github.com/Apirone/apirone-api-php",
            "keywords": [
                "Apirone",
                "DOGE",
                "api",
                "bch",
                "bitcoin",
                "btc",
                "crypto",
                "cryptocurrency",
                "ltc"
            ],
            "support": {
                "issues": "https://github.com/Apirone/apirone-api-php/issues",
                "source": "https://github.com/Apirone/apirone-api-php/tree/1.0.1"
            },
            "time": "2023-11-13T13:53:57+00:00"
        },
        {
            "name": "apirone/apirone-sdk-php",
            "version": "1.0.1",
            "source": {
                "type": "git",
                "url": "https://github.com/Apirone/apirone-sdk-php.git",
                "reference": "a7e9c23bb6a307116611cf7ef941a69b3708bf98"
            },
            "dist": {
                "type": "zip",
                "url": "https://api.github.com/repos/Apirone/apirone-sdk-php/zipball/a7e9c23bb6a307116611cf7ef941a69b3708bf98",
                "reference": "a7e9c23bb6a307116611cf7ef941a69b3708bf98",
                "shasum": ""
            },
            "require": {
                "apirone/apirone-api-php": "^1.0"
            },
            "type": "library",
            "autoload": {
                "psr-4": {
                    "Apirone\\SDK\\": "src"
                }
            },
            "notification-url": "https://packagist.org/downloads/",
            "license": [
                "MIT"
            ],
            "authors": [
                {
                    "name": "alex",
                    "email": "alex.zaytseff@gmail.com"
                }
            ],
            "description": "Apirone SDK",
            "homepage": "https://github.com/Apirone/apirone-sdk-php",
            "keywords": [
                "Apirone",
                "DOGE",
                "api",
                "bch",
                "bitcoin",
                "btc",
                "crypto",
                "cryptocurrency",
                "ltc",
                "sdk"
            ],
            "support": {
                "issues": "https://github.com/Apirone/apirone-sdk-php/issues",
                "source": "https://github.com/Apirone/apirone-sdk-php/tree/1.0.1"
            },
            "time": "2023-11-30T08:57:53+00:00"
        }
    ],
    "packages-dev": [],
    "aliases": [],
    "minimum-stability": "RC",
    "stability-flags": [],
    "prefer-stable": false,
    "prefer-lowest": false,
    "platform": [],
    "platform-dev": [],
    "plugin-api-version": "2.3.0"
}
